# This file is automatically @generated by Cargo.
# It is not intended for manual editing.
version = 4

[[package]]
name = "dependency-truth-test-only"
version = "0.1.0"
dependencies = [
 "dev-only",
 "orphan",
 "probe-both",
 "probe-inline",
 "probe-integration",
]

[[package]]
name = "dev-only"
version = "0.1.0"

[[package]]
name = "orphan"
version = "0.1.0"

[[package]]
name = "probe-both"
version = "0.1.0"

[[package]]
name = "probe-inline"
version = "0.1.0"

[[package]]
name = "probe-integration"
version = "0.1.0"
