{
  "lockfileVersion": 1,
  "configVersion": 1,
  "workspaces": {
    "": {
      "name": "rust-doctor",
      "optionalDependencies": {
        "@rustdoctor/darwin-arm64": "0.5.0",
        "@rustdoctor/darwin-x64": "0.5.0",
        "@rustdoctor/linux-arm64": "0.5.0",
        "@rustdoctor/linux-x64": "0.5.0",
        "@rustdoctor/win32-x64": "0.5.0",
      },
    },
  },
  "packages": {}
}
