# This file is automatically @generated by Cargo.
# It is not intended for manual editing.
version = 4

[[package]]
name = "build-probe"
version = "0.1.0"

[[package]]
name = "dependency-truth-beta"
version = "0.1.0"
dependencies = [
 "shared-helper",
]

[[package]]
name = "dependency-truth-unused"
version = "0.1.0"
dependencies = [
 "build-probe",
 "never-used",
 "optional-probe",
 "renamed-real",
 "shared-helper",
 "used-extern",
 "used-macro",
 "used-qualified",
 "used-via-use",
]

[[package]]
name = "never-used"
version = "0.1.0"

[[package]]
name = "optional-probe"
version = "0.1.0"

[[package]]
name = "renamed-real"
version = "0.1.0"

[[package]]
name = "shared-helper"
version = "0.1.0"

[[package]]
name = "used-extern"
version = "0.1.0"

[[package]]
name = "used-macro"
version = "0.1.0"

[[package]]
name = "used-qualified"
version = "0.1.0"

[[package]]
name = "used-via-use"
version = "0.1.0"
