# This file is automatically @generated by Cargo.
# It is not intended for manual editing.
version = 4

[[package]]
name = "fixture-git-dep"
version = "1.0.0"
source = "git+https://git.invalid/rule-scaling.git#0123456789abcdef0123456789abcdef01234567"

[[package]]
name = "fixture-registry-dep"
version = "1.0.0"
source = "registry+https://github.com/rust-lang/crates.io-index"

[[package]]
name = "reqwest"
version = "0.12.0"

[[package]]
name = "rule-scaling-oracle"
version = "0.1.0"
dependencies = [
 "fixture-git-dep",
 "fixture-registry-dep",
 "reqwest",
]
